<Solution>
  <Folder Name="/src/">
    <Project Path="src/GodotMcp.Server/GodotMcp.Server.csproj" />
  </Folder>
  <Folder Name="/tests/">
    <Project Path="tests/GodotMcp.IntegrationTests/GodotMcp.IntegrationTests.csproj" />
    <Project Path="tests/GodotMcp.TestSupport/GodotMcp.TestSupport.csproj" />
    <Project Path="tests/GodotMcp.Tests/GodotMcp.Tests.csproj" />
  </Folder>
</Solution>
